// !$*UTF8*$!
{
	archiveVersion = 1;
	classes = {
	};
	objectVersion = 46;
	objects = {

/* Begin PBXBuildFile section */
		6CFAF9485B0847B1D8E2924A /* Pods_BondStudy.framework in Frameworks */ = {isa = PBXBuildFile; fileRef = C37B8FBAE6FD111D1958E25A /* Pods_BondStudy.framework */; };
		9436974B1E45F462000D0A4A /* BrandsTableViewCell.swift in Sources */ = {isa = PBXBuildFile; fileRef = 943697491E45F462000D0A4A /* BrandsTableViewCell.swift */; };
		9436974C1E45F462000D0A4A /* BrandsTableViewCell.xib in Resources */ = {isa = PBXBuildFile; fileRef = 9436974A1E45F462000D0A4A /* BrandsTableViewCell.xib */; };
		943DC6021E41CDD500F4813D /* AppDelegate.swift in Sources */ = {isa = PBXBuildFile; fileRef = 943DC6011E41CDD500F4813D /* AppDelegate.swift */; };
		943DC6041E41CDD500F4813D /* ViewController.swift in Sources */ = {isa = PBXBuildFile; fileRef = 943DC6031E41CDD500F4813D /* ViewController.swift */; };
		943DC6071E41CDD500F4813D /* Main.storyboard in Resources */ = {isa = PBXBuildFile; fileRef = 943DC6051E41CDD500F4813D /* Main.storyboard */; };
		943DC6091E41CDD500F4813D /* Assets.xcassets in Resources */ = {isa = PBXBuildFile; fileRef = 943DC6081E41CDD500F4813D /* Assets.xcassets */; };
		943DC60C1E41CDD500F4813D /* LaunchScreen.storyboard in Resources */ = {isa = PBXBuildFile; fileRef = 943DC60A1E41CDD500F4813D /* LaunchScreen.storyboard */; };
		943DC6151E41D15100F4813D /* RootTableViewController.swift in Sources */ = {isa = PBXBuildFile; fileRef = 943DC6141E41D15100F4813D /* RootTableViewController.swift */; };
		943DC61A1E41D1C900F4813D /* AlamofireStoryboard.storyboard in Resources */ = {isa = PBXBuildFile; fileRef = 943DC6191E41D1C900F4813D /* AlamofireStoryboard.storyboard */; };
		943DC61C1E41D1D000F4813D /* BondStoryboard.storyboard in Resources */ = {isa = PBXBuildFile; fileRef = 943DC61B1E41D1D000F4813D /* BondStoryboard.storyboard */; };
		943DC61E1E41D1D900F4813D /* SwiftyJsonStoryboard.storyboard in Resources */ = {isa = PBXBuildFile; fileRef = 943DC61D1E41D1D900F4813D /* SwiftyJsonStoryboard.storyboard */; };
		943DC6201E41ECF100F4813D /* AlamofireViewController.swift in Sources */ = {isa = PBXBuildFile; fileRef = 943DC61F1E41ECF100F4813D /* AlamofireViewController.swift */; };
		94524DA61E4406BE002FE0ED /* CodeDef.swift in Sources */ = {isa = PBXBuildFile; fileRef = 94524DA51E4406BE002FE0ED /* CodeDef.swift */; };
		94B40E0A1E42EF6D0090F564 /* AlamofireViewModel.swift in Sources */ = {isa = PBXBuildFile; fileRef = 94B40E091E42EF6D0090F564 /* AlamofireViewModel.swift */; };
		94B40E0C1E42EF930090F564 /* Nail.swift in Sources */ = {isa = PBXBuildFile; fileRef = 94B40E0B1E42EF930090F564 /* Nail.swift */; };
		94B40E0E1E42F6EA0090F564 /* AlamofireCollectionViewCell.swift in Sources */ = {isa = PBXBuildFile; fileRef = 94B40E0D1E42F6EA0090F564 /* AlamofireCollectionViewCell.swift */; };
		94B40E101E4431CA0090F564 /* ColorAndBrandViewController.swift in Sources */ = {isa = PBXBuildFile; fileRef = 94B40E0F1E4431CA0090F564 /* ColorAndBrandViewController.swift */; };
		94B40E121E4432850090F564 /* ColorCollectionViewCell.swift in Sources */ = {isa = PBXBuildFile; fileRef = 94B40E111E4432850090F564 /* ColorCollectionViewCell.swift */; };
		94B40E141E446B650090F564 /* SearchConditionIchiranViewController.swift in Sources */ = {isa = PBXBuildFile; fileRef = 94B40E131E446B650090F564 /* SearchConditionIchiranViewController.swift */; };
		94B40E161E446C270090F564 /* SeasonTableViewCell.swift in Sources */ = {isa = PBXBuildFile; fileRef = 94B40E151E446C270090F564 /* SeasonTableViewCell.swift */; };
		94B40E181E446C350090F564 /* ItemTableViewCell.swift in Sources */ = {isa = PBXBuildFile; fileRef = 94B40E171E446C350090F564 /* ItemTableViewCell.swift */; };
		94B40E1A1E446C410090F564 /* SexTableViewCell.swift in Sources */ = {isa = PBXBuildFile; fileRef = 94B40E191E446C410090F564 /* SexTableViewCell.swift */; };
		94B40E1C1E446C480090F564 /* TallTableViewCell.swift in Sources */ = {isa = PBXBuildFile; fileRef = 94B40E1B1E446C480090F564 /* TallTableViewCell.swift */; };
		94B40E1E1E446C570090F564 /* AgeTableViewCell.swift in Sources */ = {isa = PBXBuildFile; fileRef = 94B40E1D1E446C570090F564 /* AgeTableViewCell.swift */; };
		94B40E201E446FDC0090F564 /* TagInputTableViewCell.swift in Sources */ = {isa = PBXBuildFile; fileRef = 94B40E1F1E446FDC0090F564 /* TagInputTableViewCell.swift */; };
		94B40E221E4470870090F564 /* TagTableViewCell.swift in Sources */ = {isa = PBXBuildFile; fileRef = 94B40E211E4470870090F564 /* TagTableViewCell.swift */; };
		94B40E241E4483870090F564 /* Color.swift in Sources */ = {isa = PBXBuildFile; fileRef = 94B40E231E4483870090F564 /* Color.swift */; };
		94B40E291E4535EE0090F564 /* ModelBase.swift in Sources */ = {isa = PBXBuildFile; fileRef = 94B40E281E4535EE0090F564 /* ModelBase.swift */; };
		94B40E2B1E45365A0090F564 /* ModelCondition.swift in Sources */ = {isa = PBXBuildFile; fileRef = 94B40E2A1E45365A0090F564 /* ModelCondition.swift */; };
		94B40E2D1E45611C0090F564 /* SelectedBrandTableViewCell.swift in Sources */ = {isa = PBXBuildFile; fileRef = 94B40E2C1E45611C0090F564 /* SelectedBrandTableViewCell.swift */; };
		94B40E2F1E456B7D0090F564 /* SearchBrandViewController.swift in Sources */ = {isa = PBXBuildFile; fileRef = 94B40E2E1E456B7D0090F564 /* SearchBrandViewController.swift */; };
		94B40E311E456E7F0090F564 /* BrandTableViewCell.swift in Sources */ = {isa = PBXBuildFile; fileRef = 94B40E301E456E7E0090F564 /* BrandTableViewCell.swift */; };
		94B40E331E456EF50090F564 /* SearchResultViewController.swift in Sources */ = {isa = PBXBuildFile; fileRef = 94B40E321E456EF50090F564 /* SearchResultViewController.swift */; };
		94C50EEC1E434E4B000ED379 /* ConditionIchiranViewController.swift in Sources */ = {isa = PBXBuildFile; fileRef = 94C50EEB1E434E4B000ED379 /* ConditionIchiranViewController.swift */; };
		94C50EEE1E43528E000ED379 /* Condition.swift in Sources */ = {isa = PBXBuildFile; fileRef = 94C50EED1E43528E000ED379 /* Condition.swift */; };
		94C50EF11E4354C6000ED379 /* ConditionTableViewCell.swift in Sources */ = {isa = PBXBuildFile; fileRef = 94C50EEF1E4354C6000ED379 /* ConditionTableViewCell.swift */; };
		94C50EF41E43569F000ED379 /* ConditionViewModel.swift in Sources */ = {isa = PBXBuildFile; fileRef = 94C50EF31E43569F000ED379 /* ConditionViewModel.swift */; };
/* End PBXBuildFile section */

/* Begin PBXFileReference section */
		916A3B7323A3AC898EDBB2EC /* Pods-BondStudy.release.xcconfig */ = {isa = PBXFileReference; includeInIndex = 1; lastKnownFileType = text.xcconfig; name = "Pods-BondStudy.release.xcconfig"; path = "Pods/Target Support Files/Pods-BondStudy/Pods-BondStudy.release.xcconfig"; sourceTree = "<group>"; };
		943697491E45F462000D0A4A /* BrandsTableViewCell.swift */ = {isa = PBXFileReference; fileEncoding = 4; lastKnownFileType = sourcecode.swift; path = BrandsTableViewCell.swift; sourceTree = "<group>"; };
		9436974A1E45F462000D0A4A /* BrandsTableViewCell.xib */ = {isa = PBXFileReference; fileEncoding = 4; lastKnownFileType = file.xib; path = BrandsTableViewCell.xib; sourceTree = "<group>"; };
		943DC5FE1E41CDD500F4813D /* BondStudy.app */ = {isa = PBXFileReference; explicitFileType = wrapper.application; includeInIndex = 0; path = BondStudy.app; sourceTree = BUILT_PRODUCTS_DIR; };
		943DC6011E41CDD500F4813D /* AppDelegate.swift */ = {isa = PBXFileReference; lastKnownFileType = sourcecode.swift; path = AppDelegate.swift; sourceTree = "<group>"; };
		943DC6031E41CDD500F4813D /* ViewController.swift */ = {isa = PBXFileReference; lastKnownFileType = sourcecode.swift; path = ViewController.swift; sourceTree = "<group>"; };
		943DC6061E41CDD500F4813D /* Base */ = {isa = PBXFileReference; lastKnownFileType = file.storyboard; name = Base; path = Base.lproj/Main.storyboard; sourceTree = "<group>"; };
		943DC6081E41CDD500F4813D /* Assets.xcassets */ = {isa = PBXFileReference; lastKnownFileType = folder.assetcatalog; path = Assets.xcassets; sourceTree = "<group>"; };
		943DC60B1E41CDD500F4813D /* Base */ = {isa = PBXFileReference; lastKnownFileType = file.storyboard; name = Base; path = Base.lproj/LaunchScreen.storyboard; sourceTree = "<group>"; };
		943DC60D1E41CDD500F4813D /* Info.plist */ = {isa = PBXFileReference; lastKnownFileType = text.plist.xml; path = Info.plist; sourceTree = "<group>"; };
		943DC6141E41D15100F4813D /* RootTableViewController.swift */ = {isa = PBXFileReference; fileEncoding = 4; lastKnownFileType = sourcecode.swift; path = RootTableViewController.swift; sourceTree = "<group>"; };
		943DC6191E41D1C900F4813D /* AlamofireStoryboard.storyboard */ = {isa = PBXFileReference; fileEncoding = 4; lastKnownFileType = file.storyboard; path = AlamofireStoryboard.storyboard; sourceTree = "<group>"; };
		943DC61B1E41D1D000F4813D /* BondStoryboard.storyboard */ = {isa = PBXFileReference; fileEncoding = 4; lastKnownFileType = file.storyboard; path = BondStoryboard.storyboard; sourceTree = "<group>"; };
		943DC61D1E41D1D900F4813D /* SwiftyJsonStoryboard.storyboard */ = {isa = PBXFileReference; fileEncoding = 4; lastKnownFileType = file.storyboard; path = SwiftyJsonStoryboard.storyboard; sourceTree = "<group>"; };
		943DC61F1E41ECF100F4813D /* AlamofireViewController.swift */ = {isa = PBXFileReference; fileEncoding = 4; lastKnownFileType = sourcecode.swift; path = AlamofireViewController.swift; sourceTree = "<group>"; };
		94524DA51E4406BE002FE0ED /* CodeDef.swift */ = {isa = PBXFileReference; fileEncoding = 4; lastKnownFileType = sourcecode.swift; path = CodeDef.swift; sourceTree = "<group>"; };
		94B40E091E42EF6D0090F564 /* AlamofireViewModel.swift */ = {isa = PBXFileReference; fileEncoding = 4; lastKnownFileType = sourcecode.swift; path = AlamofireViewModel.swift; sourceTree = "<group>"; };
		94B40E0B1E42EF930090F564 /* Nail.swift */ = {isa = PBXFileReference; fileEncoding = 4; lastKnownFileType = sourcecode.swift; path = Nail.swift; sourceTree = "<group>"; };
		94B40E0D1E42F6EA0090F564 /* AlamofireCollectionViewCell.swift */ = {isa = PBXFileReference; fileEncoding = 4; lastKnownFileType = sourcecode.swift; path = AlamofireCollectionViewCell.swift; sourceTree = "<group>"; };
		94B40E0F1E4431CA0090F564 /* ColorAndBrandViewController.swift */ = {isa = PBXFileReference; fileEncoding = 4; lastKnownFileType = sourcecode.swift; path = ColorAndBrandViewController.swift; sourceTree = "<group>"; };
		94B40E111E4432850090F564 /* ColorCollectionViewCell.swift */ = {isa = PBXFileReference; fileEncoding = 4; lastKnownFileType = sourcecode.swift; path = ColorCollectionViewCell.swift; sourceTree = "<group>"; };
		94B40E131E446B650090F564 /* SearchConditionIchiranViewController.swift */ = {isa = PBXFileReference; fileEncoding = 4; lastKnownFileType = sourcecode.swift; path = SearchConditionIchiranViewController.swift; sourceTree = "<group>"; };
		94B40E151E446C270090F564 /* SeasonTableViewCell.swift */ = {isa = PBXFileReference; fileEncoding = 4; lastKnownFileType = sourcecode.swift; path = SeasonTableViewCell.swift; sourceTree = "<group>"; };
		94B40E171E446C350090F564 /* ItemTableViewCell.swift */ = {isa = PBXFileReference; fileEncoding = 4; lastKnownFileType = sourcecode.swift; path = ItemTableViewCell.swift; sourceTree = "<group>"; };
		94B40E191E446C410090F564 /* SexTableViewCell.swift */ = {isa = PBXFileReference; fileEncoding = 4; lastKnownFileType = sourcecode.swift; path = SexTableViewCell.swift; sourceTree = "<group>"; };
		94B40E1B1E446C480090F564 /* TallTableViewCell.swift */ = {isa = PBXFileReference; fileEncoding = 4; lastKnownFileType = sourcecode.swift; path = TallTableViewCell.swift; sourceTree = "<group>"; };
		94B40E1D1E446C570090F564 /* AgeTableViewCell.swift */ = {isa = PBXFileReference; fileEncoding = 4; lastKnownFileType = sourcecode.swift; path = AgeTableViewCell.swift; sourceTree = "<group>"; };
		94B40E1F1E446FDC0090F564 /* TagInputTableViewCell.swift */ = {isa = PBXFileReference; fileEncoding = 4; lastKnownFileType = sourcecode.swift; path = TagInputTableViewCell.swift; sourceTree = "<group>"; };
		94B40E211E4470870090F564 /* TagTableViewCell.swift */ = {isa = PBXFileReference; fileEncoding = 4; lastKnownFileType = sourcecode.swift; path = TagTableViewCell.swift; sourceTree = "<group>"; };
		94B40E231E4483870090F564 /* Color.swift */ = {isa = PBXFileReference; fileEncoding = 4; lastKnownFileType = sourcecode.swift; path = Color.swift; sourceTree = "<group>"; };
		94B40E281E4535EE0090F564 /* ModelBase.swift */ = {isa = PBXFileReference; fileEncoding = 4; lastKnownFileType = sourcecode.swift; path = ModelBase.swift; sourceTree = "<group>"; };
		94B40E2A1E45365A0090F564 /* ModelCondition.swift */ = {isa = PBXFileReference; fileEncoding = 4; lastKnownFileType = sourcecode.swift; path = ModelCondition.swift; sourceTree = "<group>"; };
		94B40E2C1E45611C0090F564 /* SelectedBrandTableViewCell.swift */ = {isa = PBXFileReference; fileEncoding = 4; lastKnownFileType = sourcecode.swift; path = SelectedBrandTableViewCell.swift; sourceTree = "<group>"; };
		94B40E2E1E456B7D0090F564 /* SearchBrandViewController.swift */ = {isa = PBXFileReference; fileEncoding = 4; lastKnownFileType = sourcecode.swift; path = SearchBrandViewController.swift; sourceTree = "<group>"; };
		94B40E301E456E7E0090F564 /* BrandTableViewCell.swift */ = {isa = PBXFileReference; fileEncoding = 4; lastKnownFileType = sourcecode.swift; path = BrandTableViewCell.swift; sourceTree = "<group>"; };
		94B40E321E456EF50090F564 /* SearchResultViewController.swift */ = {isa = PBXFileReference; fileEncoding = 4; lastKnownFileType = sourcecode.swift; path = SearchResultViewController.swift; sourceTree = "<group>"; };
		94C50EEB1E434E4B000ED379 /* ConditionIchiranViewController.swift */ = {isa = PBXFileReference; fileEncoding = 4; lastKnownFileType = sourcecode.swift; path = ConditionIchiranViewController.swift; sourceTree = "<group>"; };
		94C50EED1E43528E000ED379 /* Condition.swift */ = {isa = PBXFileReference; fileEncoding = 4; lastKnownFileType = sourcecode.swift; path = Condition.swift; sourceTree = "<group>"; };
		94C50EEF1E4354C6000ED379 /* ConditionTableViewCell.swift */ = {isa = PBXFileReference; fileEncoding = 4; lastKnownFileType = sourcecode.swift; path = ConditionTableViewCell.swift; sourceTree = "<group>"; };
		94C50EF31E43569F000ED379 /* ConditionViewModel.swift */ = {isa = PBXFileReference; fileEncoding = 4; lastKnownFileType = sourcecode.swift; path = ConditionViewModel.swift; sourceTree = "<group>"; };
		A4331E0C9072A2084B65CC5D /* Pods-BondStudy.debug.xcconfig */ = {isa = PBXFileReference; includeInIndex = 1; lastKnownFileType = text.xcconfig; name = "Pods-BondStudy.debug.xcconfig"; path = "Pods/Target Support Files/Pods-BondStudy/Pods-BondStudy.debug.xcconfig"; sourceTree = "<group>"; };
		C37B8FBAE6FD111D1958E25A /* Pods_BondStudy.framework */ = {isa = PBXFileReference; explicitFileType = wrapper.framework; includeInIndex = 0; path = Pods_BondStudy.framework; sourceTree = BUILT_PRODUCTS_DIR; };
/* End PBXFileReference section */

/* Begin PBXFrameworksBuildPhase section */
		943DC5FB1E41CDD500F4813D /* Frameworks */ = {
			isa = PBXFrameworksBuildPhase;
			buildActionMask = 2147483647;
			files = (
				6CFAF9485B0847B1D8E2924A /* Pods_BondStudy.framework in Frameworks */,
			);
			runOnlyForDeploymentPostprocessing = 0;
		};
/* End PBXFrameworksBuildPhase section */

/* Begin PBXGroup section */
		943DC5F51E41CDD500F4813D = {
			isa = PBXGroup;
			children = (
				943DC6001E41CDD500F4813D /* BondStudy */,
				943DC5FF1E41CDD500F4813D /* Products */,
				DEE4140938332E1D6CBE91A8 /* Pods */,
				E4390A84D5487CBEF52C4ADC /* Frameworks */,
			);
			sourceTree = "<group>";
		};
		943DC5FF1E41CDD500F4813D /* Products */ = {
			isa = PBXGroup;
			children = (
				943DC5FE1E41CDD500F4813D /* BondStudy.app */,
			);
			name = Products;
			sourceTree = "<group>";
		};
		943DC6001E41CDD500F4813D /* BondStudy */ = {
			isa = PBXGroup;
			children = (
				943DC6181E41D1B400F4813D /* SwiftyJsonStudy */,
				943DC6171E41D1AA00F4813D /* BondStudy */,
				943DC6161E41D19900F4813D /* AlamofireStudy */,
				943DC6131E41D13C00F4813D /* Root */,
				943DC6011E41CDD500F4813D /* AppDelegate.swift */,
				943DC6031E41CDD500F4813D /* ViewController.swift */,
				943DC6051E41CDD500F4813D /* Main.storyboard */,
				943DC6081E41CDD500F4813D /* Assets.xcassets */,
				943DC60A1E41CDD500F4813D /* LaunchScreen.storyboard */,
				943DC60D1E41CDD500F4813D /* Info.plist */,
			);
			path = BondStudy;
			sourceTree = "<group>";
		};
		943DC6131E41D13C00F4813D /* Root */ = {
			isa = PBXGroup;
			children = (
				943DC6141E41D15100F4813D /* RootTableViewController.swift */,
			);
			name = Root;
			sourceTree = "<group>";
		};
		943DC6161E41D19900F4813D /* AlamofireStudy */ = {
			isa = PBXGroup;
			children = (
				943DC6191E41D1C900F4813D /* AlamofireStoryboard.storyboard */,
				943DC61F1E41ECF100F4813D /* AlamofireViewController.swift */,
				94B40E091E42EF6D0090F564 /* AlamofireViewModel.swift */,
				94B40E0B1E42EF930090F564 /* Nail.swift */,
				94B40E0D1E42F6EA0090F564 /* AlamofireCollectionViewCell.swift */,
			);
			name = AlamofireStudy;
			sourceTree = "<group>";
		};
		943DC6171E41D1AA00F4813D /* BondStudy */ = {
			isa = PBXGroup;
			children = (
				94B40E271E4535E10090F564 /* ViewController */,
				94B40E261E4535DC0090F564 /* View */,
				94B40E251E4535D50090F564 /* Model */,
				94524DA41E44069F002FE0ED /* Common */,
				943DC61B1E41D1D000F4813D /* BondStoryboard.storyboard */,
			);
			name = BondStudy;
			sourceTree = "<group>";
		};
		943DC6181E41D1B400F4813D /* SwiftyJsonStudy */ = {
			isa = PBXGroup;
			children = (
				943DC61D1E41D1D900F4813D /* SwiftyJsonStoryboard.storyboard */,
			);
			name = SwiftyJsonStudy;
			sourceTree = "<group>";
		};
		94524DA41E44069F002FE0ED /* Common */ = {
			isa = PBXGroup;
			children = (
				94524DA51E4406BE002FE0ED /* CodeDef.swift */,
				94B40E231E4483870090F564 /* Color.swift */,
			);
			name = Common;
			sourceTree = "<group>";
		};
		94B40E251E4535D50090F564 /* Model */ = {
			isa = PBXGroup;
			children = (
				94C50EF31E43569F000ED379 /* ConditionViewModel.swift */,
				94C50EED1E43528E000ED379 /* Condition.swift */,
				94B40E281E4535EE0090F564 /* ModelBase.swift */,
				94B40E2A1E45365A0090F564 /* ModelCondition.swift */,
			);
			name = Model;
			sourceTree = "<group>";
		};
		94B40E261E4535DC0090F564 /* View */ = {
			isa = PBXGroup;
			children = (
				94B40E111E4432850090F564 /* ColorCollectionViewCell.swift */,
				94B40E151E446C270090F564 /* SeasonTableViewCell.swift */,
				94B40E171E446C350090F564 /* ItemTableViewCell.swift */,
				94B40E191E446C410090F564 /* SexTableViewCell.swift */,
				94B40E1B1E446C480090F564 /* TallTableViewCell.swift */,
				94B40E1D1E446C570090F564 /* AgeTableViewCell.swift */,
				94B40E1F1E446FDC0090F564 /* TagInputTableViewCell.swift */,
				94B40E211E4470870090F564 /* TagTableViewCell.swift */,
				94C50EEF1E4354C6000ED379 /* ConditionTableViewCell.swift */,
				94B40E2C1E45611C0090F564 /* SelectedBrandTableViewCell.swift */,
				94B40E301E456E7E0090F564 /* BrandTableViewCell.swift */,
				943697491E45F462000D0A4A /* BrandsTableViewCell.swift */,
				9436974A1E45F462000D0A4A /* BrandsTableViewCell.xib */,
			);
			name = View;
			sourceTree = "<group>";
		};
		94B40E271E4535E10090F564 /* ViewController */ = {
			isa = PBXGroup;
			children = (
				94B40E0F1E4431CA0090F564 /* ColorAndBrandViewController.swift */,
				94C50EEB1E434E4B000ED379 /* ConditionIchiranViewController.swift */,
				94B40E131E446B650090F564 /* SearchConditionIchiranViewController.swift */,
				94B40E2E1E456B7D0090F564 /* SearchBrandViewController.swift */,
				94B40E321E456EF50090F564 /* SearchResultViewController.swift */,
			);
			name = ViewController;
			sourceTree = "<group>";
		};
		DEE4140938332E1D6CBE91A8 /* Pods */ = {
			isa = PBXGroup;
			children = (
				A4331E0C9072A2084B65CC5D /* Pods-BondStudy.debug.xcconfig */,
				916A3B7323A3AC898EDBB2EC /* Pods-BondStudy.release.xcconfig */,
			);
			name = Pods;
			sourceTree = "<group>";
		};
		E4390A84D5487CBEF52C4ADC /* Frameworks */ = {
			isa = PBXGroup;
			children = (
				C37B8FBAE6FD111D1958E25A /* Pods_BondStudy.framework */,
			);
			name = Frameworks;
			sourceTree = "<group>";
		};
/* End PBXGroup section */

/* Begin PBXNativeTarget section */
		943DC5FD1E41CDD500F4813D /* BondStudy */ = {
			isa = PBXNativeTarget;
			buildConfigurationList = 943DC6101E41CDD500F4813D /* Build configuration list for PBXNativeTarget "BondStudy" */;
			buildPhases = (
				DA3BF1076D8B7C761D6B31EA /* [CP] Check Pods Manifest.lock */,
				943DC5FA1E41CDD500F4813D /* Sources */,
				943DC5FB1E41CDD500F4813D /* Frameworks */,
				943DC5FC1E41CDD500F4813D /* Resources */,
				740E8EECE99F54E5D6DAA097 /* [CP] Embed Pods Frameworks */,
				B16DF5CD8557CD46B07CDC50 /* [CP] Copy Pods Resources */,
			);
			buildRules = (
			);
			dependencies = (
			);
			name = BondStudy;
			productName = BondStudy;
			productReference = 943DC5FE1E41CDD500F4813D /* BondStudy.app */;
			productType = "com.apple.product-type.application";
		};
/* End PBXNativeTarget section */

/* Begin PBXProject section */
		943DC5F61E41CDD500F4813D /* Project object */ = {
			isa = PBXProject;
			attributes = {
				LastSwiftUpdateCheck = 0820;
				LastUpgradeCheck = 0820;
				ORGANIZATIONNAME = DaichiSaito;
				TargetAttributes = {
					943DC5FD1E41CDD500F4813D = {
						CreatedOnToolsVersion = 8.2.1;
						DevelopmentTeam = DT9S8X9RA8;
						ProvisioningStyle = Automatic;
					};
				};
			};
			buildConfigurationList = 943DC5F91E41CDD500F4813D /* Build configuration list for PBXProject "BondStudy" */;
			compatibilityVersion = "Xcode 3.2";
			developmentRegion = English;
			hasScannedForEncodings = 0;
			knownRegions = (
				en,
				Base,
			);
			mainGroup = 943DC5F51E41CDD500F4813D;
			productRefGroup = 943DC5FF1E41CDD500F4813D /* Products */;
			projectDirPath = "";
			projectRoot = "";
			targets = (
				943DC5FD1E41CDD500F4813D /* BondStudy */,
			);
		};
/* End PBXProject section */

/* Begin PBXResourcesBuildPhase section */
		943DC5FC1E41CDD500F4813D /* Resources */ = {
			isa = PBXResourcesBuildPhase;
			buildActionMask = 2147483647;
			files = (
				943DC61C1E41D1D000F4813D /* BondStoryboard.storyboard in Resources */,
				943DC61E1E41D1D900F4813D /* SwiftyJsonStoryboard.storyboard in Resources */,
				943DC60C1E41CDD500F4813D /* LaunchScreen.storyboard in Resources */,
				943DC6091E41CDD500F4813D /* Assets.xcassets in Resources */,
				9436974C1E45F462000D0A4A /* BrandsTableViewCell.xib in Resources */,
				943DC61A1E41D1C900F4813D /* AlamofireStoryboard.storyboard in Resources */,
				943DC6071E41CDD500F4813D /* Main.storyboard in Resources */,
			);
			runOnlyForDeploymentPostprocessing = 0;
		};
/* End PBXResourcesBuildPhase section */

/* Begin PBXShellScriptBuildPhase section */
		740E8EECE99F54E5D6DAA097 /* [CP] Embed Pods Frameworks */ = {
			isa = PBXShellScriptBuildPhase;
			buildActionMask = 2147483647;
			files = (
			);
			inputPaths = (
			);
			name = "[CP] Embed Pods Frameworks";
			outputPaths = (
			);
			runOnlyForDeploymentPostprocessing = 0;
			shellPath = /bin/sh;
			shellScript = "\"${SRCROOT}/Pods/Target Support Files/Pods-BondStudy/Pods-BondStudy-frameworks.sh\"\n";
			showEnvVarsInLog = 0;
		};
		B16DF5CD8557CD46B07CDC50 /* [CP] Copy Pods Resources */ = {
			isa = PBXShellScriptBuildPhase;
			buildActionMask = 2147483647;
			files = (
			);
			inputPaths = (
			);
			name = "[CP] Copy Pods Resources";
			outputPaths = (
			);
			runOnlyForDeploymentPostprocessing = 0;
			shellPath = /bin/sh;
			shellScript = "\"${SRCROOT}/Pods/Target Support Files/Pods-BondStudy/Pods-BondStudy-resources.sh\"\n";
			showEnvVarsInLog = 0;
		};
		DA3BF1076D8B7C761D6B31EA /* [CP] Check Pods Manifest.lock */ = {
			isa = PBXShellScriptBuildPhase;
			buildActionMask = 2147483647;
			files = (
			);
			inputPaths = (
			);
			name = "[CP] Check Pods Manifest.lock";
			outputPaths = (
			);
			runOnlyForDeploymentPostprocessing = 0;
			shellPath = /bin/sh;
			shellScript = "diff \"${PODS_ROOT}/../Podfile.lock\" \"${PODS_ROOT}/Manifest.lock\" > /dev/null\nif [ $? != 0 ] ; then\n    # print error to STDERR\n    echo \"error: The sandbox is not in sync with the Podfile.lock. Run 'pod install' or update your CocoaPods installation.\" >&2\n    exit 1\nfi\n";
			showEnvVarsInLog = 0;
		};
/* End PBXShellScriptBuildPhase section */

/* Begin PBXSourcesBuildPhase section */
		943DC5FA1E41CDD500F4813D /* Sources */ = {
			isa = PBXSourcesBuildPhase;
			buildActionMask = 2147483647;
			files = (
				94B40E161E446C270090F564 /* SeasonTableViewCell.swift in Sources */,
				9436974B1E45F462000D0A4A /* BrandsTableViewCell.swift in Sources */,
				94B40E1E1E446C570090F564 /* AgeTableViewCell.swift in Sources */,
				94B40E241E4483870090F564 /* Color.swift in Sources */,
				943DC6041E41CDD500F4813D /* ViewController.swift in Sources */,
				94C50EEE1E43528E000ED379 /* Condition.swift in Sources */,
				943DC6151E41D15100F4813D /* RootTableViewController.swift in Sources */,
				94B40E1A1E446C410090F564 /* SexTableViewCell.swift in Sources */,
				94B40E221E4470870090F564 /* TagTableViewCell.swift in Sources */,
				94B40E0A1E42EF6D0090F564 /* AlamofireViewModel.swift in Sources */,
				94B40E311E456E7F0090F564 /* BrandTableViewCell.swift in Sources */,
				94B40E1C1E446C480090F564 /* TallTableViewCell.swift in Sources */,
				94C50EEC1E434E4B000ED379 /* ConditionIchiranViewController.swift in Sources */,
				94B40E141E446B650090F564 /* SearchConditionIchiranViewController.swift in Sources */,
				94C50EF11E4354C6000ED379 /* ConditionTableViewCell.swift in Sources */,
				94C50EF41E43569F000ED379 /* ConditionViewModel.swift in Sources */,
				94B40E0C1E42EF930090F564 /* Nail.swift in Sources */,
				94B40E331E456EF50090F564 /* SearchResultViewController.swift in Sources */,
				94B40E121E4432850090F564 /* ColorCollectionViewCell.swift in Sources */,
				94B40E2D1E45611C0090F564 /* SelectedBrandTableViewCell.swift in Sources */,
				94B40E2B1E45365A0090F564 /* ModelCondition.swift in Sources */,
				943DC6021E41CDD500F4813D /* AppDelegate.swift in Sources */,
				94B40E0E1E42F6EA0090F564 /* AlamofireCollectionViewCell.swift in Sources */,
				94B40E201E446FDC0090F564 /* TagInputTableViewCell.swift in Sources */,
				94524DA61E4406BE002FE0ED /* CodeDef.swift in Sources */,
				943DC6201E41ECF100F4813D /* AlamofireViewController.swift in Sources */,
				94B40E2F1E456B7D0090F564 /* SearchBrandViewController.swift in Sources */,
				94B40E181E446C350090F564 /* ItemTableViewCell.swift in Sources */,
				94B40E291E4535EE0090F564 /* ModelBase.swift in Sources */,
				94B40E101E4431CA0090F564 /* ColorAndBrandViewController.swift in Sources */,
			);
			runOnlyForDeploymentPostprocessing = 0;
		};
/* End PBXSourcesBuildPhase section */

/* Begin PBXVariantGroup section */
		943DC6051E41CDD500F4813D /* Main.storyboard */ = {
			isa = PBXVariantGroup;
			children = (
				943DC6061E41CDD500F4813D /* Base */,
			);
			name = Main.storyboard;
			sourceTree = "<group>";
		};
		943DC60A1E41CDD500F4813D /* LaunchScreen.storyboard */ = {
			isa = PBXVariantGroup;
			children = (
				943DC60B1E41CDD500F4813D /* Base */,
			);
			name = LaunchScreen.storyboard;
			sourceTree = "<group>";
		};
/* End PBXVariantGroup section */

/* Begin XCBuildConfiguration section */
		943DC60E1E41CDD500F4813D /* Debug */ = {
			isa = XCBuildConfiguration;
			buildSettings = {
				ALWAYS_SEARCH_USER_PATHS = NO;
				CLANG_ANALYZER_NONNULL = YES;
				CLANG_CXX_LANGUAGE_STANDARD = "gnu++0x";
				CLANG_CXX_LIBRARY = "libc++";
				CLANG_ENABLE_MODULES = YES;
				CLANG_ENABLE_OBJC_ARC = YES;
				CLANG_WARN_BOOL_CONVERSION = YES;
				CLANG_WARN_CONSTANT_CONVERSION = YES;
				CLANG_WARN_DIRECT_OBJC_ISA_USAGE = YES_ERROR;
				CLANG_WARN_DOCUMENTATION_COMMENTS = YES;
				CLANG_WARN_EMPTY_BODY = YES;
				CLANG_WARN_ENUM_CONVERSION = YES;
				CLANG_WARN_INFINITE_RECURSION = YES;
				CLANG_WARN_INT_CONVERSION = YES;
				CLANG_WARN_OBJC_ROOT_CLASS = YES_ERROR;
				CLANG_WARN_SUSPICIOUS_MOVE = YES;
				CLANG_WARN_UNREACHABLE_CODE = YES;
				CLANG_WARN__DUPLICATE_METHOD_MATCH = YES;
				"CODE_SIGN_IDENTITY[sdk=iphoneos*]" = "iPhone Developer";
				COPY_PHASE_STRIP = NO;
				DEBUG_INFORMATION_FORMAT = dwarf;
				ENABLE_STRICT_OBJC_MSGSEND = YES;
				ENABLE_TESTABILITY = YES;
				GCC_C_LANGUAGE_STANDARD = gnu99;
				GCC_DYNAMIC_NO_PIC = NO;
				GCC_NO_COMMON_BLOCKS = YES;
				GCC_OPTIMIZATION_LEVEL = 0;
				GCC_PREPROCESSOR_DEFINITIONS = (
					"DEBUG=1",
					"$(inherited)",
				);
				GCC_WARN_64_TO_32_BIT_CONVERSION = YES;
				GCC_WARN_ABOUT_RETURN_TYPE = YES_ERROR;
				GCC_WARN_UNDECLARED_SELECTOR = YES;
				GCC_WARN_UNINITIALIZED_AUTOS = YES_AGGRESSIVE;
				GCC_WARN_UNUSED_FUNCTION = YES;
				GCC_WARN_UNUSED_VARIABLE = YES;
				IPHONEOS_DEPLOYMENT_TARGET = 10.2;
				MTL_ENABLE_DEBUG_INFO = YES;
				ONLY_ACTIVE_ARCH = YES;
				SDKROOT = iphoneos;
				SWIFT_ACTIVE_COMPILATION_CONDITIONS = DEBUG;
				SWIFT_OPTIMIZATION_LEVEL = "-Onone";
			};
			name = Debug;
		};
		943DC60F1E41CDD500F4813D /* Release */ = {
			isa = XCBuildConfiguration;
			buildSettings = {
				ALWAYS_SEARCH_USER_PATHS = NO;
				CLANG_ANALYZER_NONNULL = YES;
				CLANG_CXX_LANGUAGE_STANDARD = "gnu++0x";
				CLANG_CXX_LIBRARY = "libc++";
				CLANG_ENABLE_MODULES = YES;
				CLANG_ENABLE_OBJC_ARC = YES;
				CLANG_WARN_BOOL_CONVERSION = YES;
				CLANG_WARN_CONSTANT_CONVERSION = YES;
				CLANG_WARN_DIRECT_OBJC_ISA_USAGE = YES_ERROR;
				CLANG_WARN_DOCUMENTATION_COMMENTS = YES;
				CLANG_WARN_EMPTY_BODY = YES;
				CLANG_WARN_ENUM_CONVERSION = YES;
				CLANG_WARN_INFINITE_RECURSION = YES;
				CLANG_WARN_INT_CONVERSION = YES;
				CLANG_WARN_OBJC_ROOT_CLASS = YES_ERROR;
				CLANG_WARN_SUSPICIOUS_MOVE = YES;
				CLANG_WARN_UNREACHABLE_CODE = YES;
				CLANG_WARN__DUPLICATE_METHOD_MATCH = YES;
				"CODE_SIGN_IDENTITY[sdk=iphoneos*]" = "iPhone Developer";
				COPY_PHASE_STRIP = NO;
				DEBUG_INFORMATION_FORMAT = "dwarf-with-dsym";
				ENABLE_NS_ASSERTIONS = NO;
				ENABLE_STRICT_OBJC_MSGSEND = YES;
				GCC_C_LANGUAGE_STANDARD = gnu99;
				GCC_NO_COMMON_BLOCKS = YES;
				GCC_WARN_64_TO_32_BIT_CONVERSION = YES;
				GCC_WARN_ABOUT_RETURN_TYPE = YES_ERROR;
				GCC_WARN_UNDECLARED_SELECTOR = YES;
				GCC_WARN_UNINITIALIZED_AUTOS = YES_AGGRESSIVE;
				GCC_WARN_UNUSED_FUNCTION = YES;
				GCC_WARN_UNUSED_VARIABLE = YES;
				IPHONEOS_DEPLOYMENT_TARGET = 10.2;
				MTL_ENABLE_DEBUG_INFO = NO;
				SDKROOT = iphoneos;
				SWIFT_OPTIMIZATION_LEVEL = "-Owholemodule";
				VALIDATE_PRODUCT = YES;
			};
			name = Release;
		};
		943DC6111E41CDD500F4813D /* Debug */ = {
			isa = XCBuildConfiguration;
			baseConfigurationReference = A4331E0C9072A2084B65CC5D /* Pods-BondStudy.debug.xcconfig */;
			buildSettings = {
				ASSETCATALOG_COMPILER_APPICON_NAME = AppIcon;
				DEVELOPMENT_TEAM = DT9S8X9RA8;
				INFOPLIST_FILE = BondStudy/Info.plist;
				LD_RUNPATH_SEARCH_PATHS = "$(inherited) @executable_path/Frameworks";
				PRODUCT_BUNDLE_IDENTIFIER = com.orfool.BondStudy;
				PRODUCT_NAME = "$(TARGET_NAME)";
				SWIFT_VERSION = 3.0;
			};
			name = Debug;
		};
		943DC6121E41CDD500F4813D /* Release */ = {
			isa = XCBuildConfiguration;
			baseConfigurationReference = 916A3B7323A3AC898EDBB2EC /* Pods-BondStudy.release.xcconfig */;
			buildSettings = {
				ASSETCATALOG_COMPILER_APPICON_NAME = AppIcon;
				DEVELOPMENT_TEAM = DT9S8X9RA8;
				INFOPLIST_FILE = BondStudy/Info.plist;
				LD_RUNPATH_SEARCH_PATHS = "$(inherited) @executable_path/Frameworks";
				PRODUCT_BUNDLE_IDENTIFIER = com.orfool.BondStudy;
				PRODUCT_NAME = "$(TARGET_NAME)";
				SWIFT_VERSION = 3.0;
			};
			name = Release;
		};
/* End XCBuildConfiguration section */

/* Begin XCConfigurationList section */
		943DC5F91E41CDD500F4813D /* Build configuration list for PBXProject "BondStudy" */ = {
			isa = XCConfigurationList;
			buildConfigurations = (
				943DC60E1E41CDD500F4813D /* Debug */,
				943DC60F1E41CDD500F4813D /* Release */,
			);
			defaultConfigurationIsVisible = 0;
			defaultConfigurationName = Release;
		};
		943DC6101E41CDD500F4813D /* Build configuration list for PBXNativeTarget "BondStudy" */ = {
			isa = XCConfigurationList;
			buildConfigurations = (
				943DC6111E41CDD500F4813D /* Debug */,
				943DC6121E41CDD500F4813D /* Release */,
			);
			defaultConfigurationIsVisible = 0;
			defaultConfigurationName = Release;
		};
/* End XCConfigurationList section */
	};
	rootObject = 943DC5F61E41CDD500F4813D /* Project object */;
}
